
Microsoft Visual Studio Solution File, Format Version 10.00
# Visual Studio 2008
Project("{FAE04EC0-301F-11D3-BF4B-00C04F79EFBC}") = "Client", "Driver\Client.csproj", "{26B89063-0E04-4706-9B45-B4E0DD3949A4}"
EndProject
Project("{2150E333-8FDC-42A3-9474-1A3956D46DE8}") = "Solution Items", "Solution Items", "{06606863-00FA-4C32-A491-62E3E58A4CA1}"
	ProjectSection(SolutionItems) = preProject
		Client.vsmdi = Client.vsmdi
		Client1.vsmdi = Client1.vsmdi
		Client2.vsmdi = Client2.vsmdi
		Client3.vsmdi = Client3.vsmdi
		Client4.vsmdi = Client4.vsmdi
		Client5.vsmdi = Client5.vsmdi
		Client6.vsmdi = Client6.vsmdi
		Client7.vsmdi = Client7.vsmdi
		Client8.vsmdi = Client8.vsmdi
		LocalTestRun.testrunconfig = LocalTestRun.testrunconfig
	EndProjectSection
EndProject
Project("{FAE04EC0-301F-11D3-BF4B-00C04F79EFBC}") = "ClientTests", "ClientTests\ClientTests.csproj", "{0354CB54-BE72-4BFB-BB08-B5F95858F852}"
EndProject
Project("{8BC9CEB8-8B4A-11D0-8D11-00A0C91BC942}") = "Patcher", "Patcher\Patcher.vcproj", "{CA45979F-BDE9-4D5C-A23B-6D47F7C1DDD6}"
EndProject
Project("{FAE04EC0-301F-11D3-BF4B-00C04F79EFBC}") = "Network", "Network\Network.csproj", "{88C2E3B5-05E6-437E-9915-6FD276128FEF}"
EndProject
Project("{FAE04EC0-301F-11D3-BF4B-00C04F79EFBC}") = "Audio", "Audio\Audio.csproj", "{65BF691E-119E-4069-9DB0-5520087ECD4B}"
EndProject
Project("{FAE04EC0-301F-11D3-BF4B-00C04F79EFBC}") = "Renderer", "Renderer\Renderer\Renderer.csproj", "{D8993E71-380D-4048-944B-3C76F9D7E77B}"
EndProject
Project("{FAE04EC0-301F-11D3-BF4B-00C04F79EFBC}") = "GameForms", "GameForms\GameForms.csproj", "{FCA01C54-3EB6-4319-AA83-245B43A35BE0}"
EndProject
Project("{FAE04EC0-301F-11D3-BF4B-00C04F79EFBC}") = "IceCs", "..\Ice\IceCs.csproj", "{B8547B9A-0FB1-441F-81E6-0E364AEE7D46}"
EndProject
Global
	GlobalSection(SolutionConfigurationPlatforms) = preSolution
		Debug|Any CPU = Debug|Any CPU
		Debug|Mixed Platforms = Debug|Mixed Platforms
		Debug|Win32 = Debug|Win32
		Debug|x64 = Debug|x64
		Debug|x86 = Debug|x86
		Release|Any CPU = Release|Any CPU
		Release|Mixed Platforms = Release|Mixed Platforms
		Release|Win32 = Release|Win32
		Release|x64 = Release|x64
		Release|x86 = Release|x86
	EndGlobalSection
	GlobalSection(ProjectConfigurationPlatforms) = postSolution
		{26B89063-0E04-4706-9B45-B4E0DD3949A4}.Debug|Any CPU.ActiveCfg = Debug|x86
		{26B89063-0E04-4706-9B45-B4E0DD3949A4}.Debug|Mixed Platforms.ActiveCfg = Debug|x86
		{26B89063-0E04-4706-9B45-B4E0DD3949A4}.Debug|Mixed Platforms.Build.0 = Debug|x86
		{26B89063-0E04-4706-9B45-B4E0DD3949A4}.Debug|Win32.ActiveCfg = Debug|x86
		{26B89063-0E04-4706-9B45-B4E0DD3949A4}.Debug|x64.ActiveCfg = Debug|x86
		{26B89063-0E04-4706-9B45-B4E0DD3949A4}.Debug|x86.ActiveCfg = Debug|x86
		{26B89063-0E04-4706-9B45-B4E0DD3949A4}.Debug|x86.Build.0 = Debug|x86
		{26B89063-0E04-4706-9B45-B4E0DD3949A4}.Release|Any CPU.ActiveCfg = Release|x86
		{26B89063-0E04-4706-9B45-B4E0DD3949A4}.Release|Mixed Platforms.ActiveCfg = Release|x86
		{26B89063-0E04-4706-9B45-B4E0DD3949A4}.Release|Mixed Platforms.Build.0 = Release|x86
		{26B89063-0E04-4706-9B45-B4E0DD3949A4}.Release|Win32.ActiveCfg = Release|x86
		{26B89063-0E04-4706-9B45-B4E0DD3949A4}.Release|x64.ActiveCfg = Release|x86
		{26B89063-0E04-4706-9B45-B4E0DD3949A4}.Release|x86.ActiveCfg = Release|x86
		{26B89063-0E04-4706-9B45-B4E0DD3949A4}.Release|x86.Build.0 = Release|x86
		{0354CB54-BE72-4BFB-BB08-B5F95858F852}.Debug|Any CPU.ActiveCfg = Debug|Any CPU
		{0354CB54-BE72-4BFB-BB08-B5F95858F852}.Debug|Any CPU.Build.0 = Debug|Any CPU
		{0354CB54-BE72-4BFB-BB08-B5F95858F852}.Debug|Mixed Platforms.ActiveCfg = Debug|Any CPU
		{0354CB54-BE72-4BFB-BB08-B5F95858F852}.Debug|Mixed Platforms.Build.0 = Debug|Any CPU
		{0354CB54-BE72-4BFB-BB08-B5F95858F852}.Debug|Win32.ActiveCfg = Debug|Any CPU
		{0354CB54-BE72-4BFB-BB08-B5F95858F852}.Debug|x64.ActiveCfg = Debug|x64
		{0354CB54-BE72-4BFB-BB08-B5F95858F852}.Debug|x64.Build.0 = Debug|x64
		{0354CB54-BE72-4BFB-BB08-B5F95858F852}.Debug|x86.ActiveCfg = Debug|Any CPU
		{0354CB54-BE72-4BFB-BB08-B5F95858F852}.Release|Any CPU.ActiveCfg = Release|Any CPU
		{0354CB54-BE72-4BFB-BB08-B5F95858F852}.Release|Any CPU.Build.0 = Release|Any CPU
		{0354CB54-BE72-4BFB-BB08-B5F95858F852}.Release|Mixed Platforms.ActiveCfg = Release|Any CPU
		{0354CB54-BE72-4BFB-BB08-B5F95858F852}.Release|Mixed Platforms.Build.0 = Release|Any CPU
		{0354CB54-BE72-4BFB-BB08-B5F95858F852}.Release|Win32.ActiveCfg = Release|Any CPU
		{0354CB54-BE72-4BFB-BB08-B5F95858F852}.Release|x64.ActiveCfg = Release|x64
		{0354CB54-BE72-4BFB-BB08-B5F95858F852}.Release|x64.Build.0 = Release|x64
		{0354CB54-BE72-4BFB-BB08-B5F95858F852}.Release|x86.ActiveCfg = Release|Any CPU
		{CA45979F-BDE9-4D5C-A23B-6D47F7C1DDD6}.Debug|Any CPU.ActiveCfg = Debug|Win32
		{CA45979F-BDE9-4D5C-A23B-6D47F7C1DDD6}.Debug|Mixed Platforms.ActiveCfg = Debug|Win32
		{CA45979F-BDE9-4D5C-A23B-6D47F7C1DDD6}.Debug|Mixed Platforms.Build.0 = Debug|Win32
		{CA45979F-BDE9-4D5C-A23B-6D47F7C1DDD6}.Debug|Win32.ActiveCfg = Debug|Win32
		{CA45979F-BDE9-4D5C-A23B-6D47F7C1DDD6}.Debug|Win32.Build.0 = Debug|Win32
		{CA45979F-BDE9-4D5C-A23B-6D47F7C1DDD6}.Debug|x64.ActiveCfg = Debug|x64
		{CA45979F-BDE9-4D5C-A23B-6D47F7C1DDD6}.Debug|x64.Build.0 = Debug|x64
		{CA45979F-BDE9-4D5C-A23B-6D47F7C1DDD6}.Debug|x86.ActiveCfg = Debug|Win32
		{CA45979F-BDE9-4D5C-A23B-6D47F7C1DDD6}.Release|Any CPU.ActiveCfg = Release|Win32
		{CA45979F-BDE9-4D5C-A23B-6D47F7C1DDD6}.Release|Mixed Platforms.ActiveCfg = Release|Win32
		{CA45979F-BDE9-4D5C-A23B-6D47F7C1DDD6}.Release|Mixed Platforms.Build.0 = Release|Win32
		{CA45979F-BDE9-4D5C-A23B-6D47F7C1DDD6}.Release|Win32.ActiveCfg = Release|Win32
		{CA45979F-BDE9-4D5C-A23B-6D47F7C1DDD6}.Release|Win32.Build.0 = Release|Win32
		{CA45979F-BDE9-4D5C-A23B-6D47F7C1DDD6}.Release|x64.ActiveCfg = Release|x64
		{CA45979F-BDE9-4D5C-A23B-6D47F7C1DDD6}.Release|x64.Build.0 = Release|x64
		{CA45979F-BDE9-4D5C-A23B-6D47F7C1DDD6}.Release|x86.ActiveCfg = Release|Win32
		{88C2E3B5-05E6-437E-9915-6FD276128FEF}.Debug|Any CPU.ActiveCfg = Debug|Any CPU
		{88C2E3B5-05E6-437E-9915-6FD276128FEF}.Debug|Any CPU.Build.0 = Debug|Any CPU
		{88C2E3B5-05E6-437E-9915-6FD276128FEF}.Debug|Mixed Platforms.ActiveCfg = Debug|Any CPU
		{88C2E3B5-05E6-437E-9915-6FD276128FEF}.Debug|Mixed Platforms.Build.0 = Debug|Any CPU
		{88C2E3B5-05E6-437E-9915-6FD276128FEF}.Debug|Win32.ActiveCfg = Debug|Any CPU
		{88C2E3B5-05E6-437E-9915-6FD276128FEF}.Debug|x64.ActiveCfg = Debug|x64
		{88C2E3B5-05E6-437E-9915-6FD276128FEF}.Debug|x64.Build.0 = Debug|x64
		{88C2E3B5-05E6-437E-9915-6FD276128FEF}.Debug|x86.ActiveCfg = Debug|Any CPU
		{88C2E3B5-05E6-437E-9915-6FD276128FEF}.Release|Any CPU.ActiveCfg = Release|Any CPU
		{88C2E3B5-05E6-437E-9915-6FD276128FEF}.Release|Any CPU.Build.0 = Release|Any CPU
		{88C2E3B5-05E6-437E-9915-6FD276128FEF}.Release|Mixed Platforms.ActiveCfg = Release|Any CPU
		{88C2E3B5-05E6-437E-9915-6FD276128FEF}.Release|Mixed Platforms.Build.0 = Release|Any CPU
		{88C2E3B5-05E6-437E-9915-6FD276128FEF}.Release|Win32.ActiveCfg = Release|Any CPU
		{88C2E3B5-05E6-437E-9915-6FD276128FEF}.Release|x64.ActiveCfg = Release|x64
		{88C2E3B5-05E6-437E-9915-6FD276128FEF}.Release|x64.Build.0 = Release|x64
		{88C2E3B5-05E6-437E-9915-6FD276128FEF}.Release|x86.ActiveCfg = Release|Any CPU
		{65BF691E-119E-4069-9DB0-5520087ECD4B}.Debug|Any CPU.ActiveCfg = Debug|Any CPU
		{65BF691E-119E-4069-9DB0-5520087ECD4B}.Debug|Any CPU.Build.0 = Debug|Any CPU
		{65BF691E-119E-4069-9DB0-5520087ECD4B}.Debug|Mixed Platforms.ActiveCfg = Debug|Any CPU
		{65BF691E-119E-4069-9DB0-5520087ECD4B}.Debug|Mixed Platforms.Build.0 = Debug|Any CPU
		{65BF691E-119E-4069-9DB0-5520087ECD4B}.Debug|Win32.ActiveCfg = Debug|Any CPU
		{65BF691E-119E-4069-9DB0-5520087ECD4B}.Debug|x64.ActiveCfg = Debug|x64
		{65BF691E-119E-4069-9DB0-5520087ECD4B}.Debug|x64.Build.0 = Debug|x64
		{65BF691E-119E-4069-9DB0-5520087ECD4B}.Debug|x86.ActiveCfg = Debug|Any CPU
		{65BF691E-119E-4069-9DB0-5520087ECD4B}.Release|Any CPU.ActiveCfg = Release|Any CPU
		{65BF691E-119E-4069-9DB0-5520087ECD4B}.Release|Any CPU.Build.0 = Release|Any CPU
		{65BF691E-119E-4069-9DB0-5520087ECD4B}.Release|Mixed Platforms.ActiveCfg = Release|Any CPU
		{65BF691E-119E-4069-9DB0-5520087ECD4B}.Release|Mixed Platforms.Build.0 = Release|Any CPU
		{65BF691E-119E-4069-9DB0-5520087ECD4B}.Release|Win32.ActiveCfg = Release|Any CPU
		{65BF691E-119E-4069-9DB0-5520087ECD4B}.Release|x64.ActiveCfg = Release|x64
		{65BF691E-119E-4069-9DB0-5520087ECD4B}.Release|x64.Build.0 = Release|x64
		{65BF691E-119E-4069-9DB0-5520087ECD4B}.Release|x86.ActiveCfg = Release|Any CPU
		{D8993E71-380D-4048-944B-3C76F9D7E77B}.Debug|Any CPU.ActiveCfg = Debug|x86
		{D8993E71-380D-4048-944B-3C76F9D7E77B}.Debug|Mixed Platforms.ActiveCfg = Debug|x86
		{D8993E71-380D-4048-944B-3C76F9D7E77B}.Debug|Mixed Platforms.Build.0 = Debug|x86
		{D8993E71-380D-4048-944B-3C76F9D7E77B}.Debug|Win32.ActiveCfg = Debug|x86
		{D8993E71-380D-4048-944B-3C76F9D7E77B}.Debug|x64.ActiveCfg = Debug|x86
		{D8993E71-380D-4048-944B-3C76F9D7E77B}.Debug|x86.ActiveCfg = Debug|x86
		{D8993E71-380D-4048-944B-3C76F9D7E77B}.Debug|x86.Build.0 = Debug|x86
		{D8993E71-380D-4048-944B-3C76F9D7E77B}.Release|Any CPU.ActiveCfg = Release|x86
		{D8993E71-380D-4048-944B-3C76F9D7E77B}.Release|Mixed Platforms.ActiveCfg = Release|x86
		{D8993E71-380D-4048-944B-3C76F9D7E77B}.Release|Mixed Platforms.Build.0 = Release|x86
		{D8993E71-380D-4048-944B-3C76F9D7E77B}.Release|Win32.ActiveCfg = Release|x86
		{D8993E71-380D-4048-944B-3C76F9D7E77B}.Release|x64.ActiveCfg = Release|x86
		{D8993E71-380D-4048-944B-3C76F9D7E77B}.Release|x86.ActiveCfg = Release|x86
		{D8993E71-380D-4048-944B-3C76F9D7E77B}.Release|x86.Build.0 = Release|x86
		{FCA01C54-3EB6-4319-AA83-245B43A35BE0}.Debug|Any CPU.ActiveCfg = Debug|x86
		{FCA01C54-3EB6-4319-AA83-245B43A35BE0}.Debug|Mixed Platforms.ActiveCfg = Debug|x86
		{FCA01C54-3EB6-4319-AA83-245B43A35BE0}.Debug|Mixed Platforms.Build.0 = Debug|x86
		{FCA01C54-3EB6-4319-AA83-245B43A35BE0}.Debug|Win32.ActiveCfg = Debug|x86
		{FCA01C54-3EB6-4319-AA83-245B43A35BE0}.Debug|x64.ActiveCfg = Debug|x86
		{FCA01C54-3EB6-4319-AA83-245B43A35BE0}.Debug|x86.ActiveCfg = Debug|x86
		{FCA01C54-3EB6-4319-AA83-245B43A35BE0}.Debug|x86.Build.0 = Debug|x86
		{FCA01C54-3EB6-4319-AA83-245B43A35BE0}.Release|Any CPU.ActiveCfg = Release|x86
		{FCA01C54-3EB6-4319-AA83-245B43A35BE0}.Release|Mixed Platforms.ActiveCfg = Release|x86
		{FCA01C54-3EB6-4319-AA83-245B43A35BE0}.Release|Mixed Platforms.Build.0 = Release|x86
		{FCA01C54-3EB6-4319-AA83-245B43A35BE0}.Release|Win32.ActiveCfg = Release|x86
		{FCA01C54-3EB6-4319-AA83-245B43A35BE0}.Release|x64.ActiveCfg = Release|x86
		{FCA01C54-3EB6-4319-AA83-245B43A35BE0}.Release|x86.ActiveCfg = Release|x86
		{FCA01C54-3EB6-4319-AA83-245B43A35BE0}.Release|x86.Build.0 = Release|x86
		{B8547B9A-0FB1-441F-81E6-0E364AEE7D46}.Debug|Any CPU.ActiveCfg = Debug|Any CPU
		{B8547B9A-0FB1-441F-81E6-0E364AEE7D46}.Debug|Any CPU.Build.0 = Debug|Any CPU
		{B8547B9A-0FB1-441F-81E6-0E364AEE7D46}.Debug|Mixed Platforms.ActiveCfg = Debug|x64
		{B8547B9A-0FB1-441F-81E6-0E364AEE7D46}.Debug|Mixed Platforms.Build.0 = Debug|x64
		{B8547B9A-0FB1-441F-81E6-0E364AEE7D46}.Debug|Win32.ActiveCfg = Debug|x64
		{B8547B9A-0FB1-441F-81E6-0E364AEE7D46}.Debug|x64.ActiveCfg = Debug|x64
		{B8547B9A-0FB1-441F-81E6-0E364AEE7D46}.Debug|x64.Build.0 = Debug|x64
		{B8547B9A-0FB1-441F-81E6-0E364AEE7D46}.Debug|x86.ActiveCfg = Debug|x64
		{B8547B9A-0FB1-441F-81E6-0E364AEE7D46}.Release|Any CPU.ActiveCfg = Release|Any CPU
		{B8547B9A-0FB1-441F-81E6-0E364AEE7D46}.Release|Any CPU.Build.0 = Release|Any CPU
		{B8547B9A-0FB1-441F-81E6-0E364AEE7D46}.Release|Mixed Platforms.ActiveCfg = Release|x64
		{B8547B9A-0FB1-441F-81E6-0E364AEE7D46}.Release|Mixed Platforms.Build.0 = Release|x64
		{B8547B9A-0FB1-441F-81E6-0E364AEE7D46}.Release|Win32.ActiveCfg = Release|x64
		{B8547B9A-0FB1-441F-81E6-0E364AEE7D46}.Release|x64.ActiveCfg = Release|x64
		{B8547B9A-0FB1-441F-81E6-0E364AEE7D46}.Release|x64.Build.0 = Release|x64
		{B8547B9A-0FB1-441F-81E6-0E364AEE7D46}.Release|x86.ActiveCfg = Release|x64
		{54CB906A-CE27-4113-82E9-0DBDA145FC17}.Debug|Any CPU.ActiveCfg = Debug|x86
		{54CB906A-CE27-4113-82E9-0DBDA145FC17}.Debug|Mixed Platforms.ActiveCfg = Debug|x86
		{54CB906A-CE27-4113-82E9-0DBDA145FC17}.Debug|Win32.ActiveCfg = Debug|x86
		{54CB906A-CE27-4113-82E9-0DBDA145FC17}.Debug|x64.ActiveCfg = Debug|x86
		{54CB906A-CE27-4113-82E9-0DBDA145FC17}.Debug|x86.ActiveCfg = Debug|x86
		{54CB906A-CE27-4113-82E9-0DBDA145FC17}.Release|Any CPU.ActiveCfg = Release|x86
		{54CB906A-CE27-4113-82E9-0DBDA145FC17}.Release|Mixed Platforms.ActiveCfg = Release|x86
		{54CB906A-CE27-4113-82E9-0DBDA145FC17}.Release|Win32.ActiveCfg = Release|x86
		{54CB906A-CE27-4113-82E9-0DBDA145FC17}.Release|x64.ActiveCfg = Release|x86
		{54CB906A-CE27-4113-82E9-0DBDA145FC17}.Release|x86.ActiveCfg = Release|x86
		{265AB262-23F4-4252-B9FD-AB0BF91BB7BF}.Debug|Any CPU.ActiveCfg = Debug|x86
		{265AB262-23F4-4252-B9FD-AB0BF91BB7BF}.Debug|Mixed Platforms.ActiveCfg = Debug|x86
		{265AB262-23F4-4252-B9FD-AB0BF91BB7BF}.Debug|Win32.ActiveCfg = Debug|x86
		{265AB262-23F4-4252-B9FD-AB0BF91BB7BF}.Debug|x64.ActiveCfg = Debug|x86
		{265AB262-23F4-4252-B9FD-AB0BF91BB7BF}.Debug|x86.ActiveCfg = Debug|x86
		{265AB262-23F4-4252-B9FD-AB0BF91BB7BF}.Release|Any CPU.ActiveCfg = Release|x86
		{265AB262-23F4-4252-B9FD-AB0BF91BB7BF}.Release|Mixed Platforms.ActiveCfg = Release|x86
		{265AB262-23F4-4252-B9FD-AB0BF91BB7BF}.Release|Win32.ActiveCfg = Release|x86
		{265AB262-23F4-4252-B9FD-AB0BF91BB7BF}.Release|x64.ActiveCfg = Release|x86
		{265AB262-23F4-4252-B9FD-AB0BF91BB7BF}.Release|x86.ActiveCfg = Release|x86
		{88378BC1-B7CF-4B59-9EDA-8D14D3FB2B64}.Debug|Any CPU.ActiveCfg = Debug|x86
		{88378BC1-B7CF-4B59-9EDA-8D14D3FB2B64}.Debug|Mixed Platforms.ActiveCfg = Debug|x86
		{88378BC1-B7CF-4B59-9EDA-8D14D3FB2B64}.Debug|Win32.ActiveCfg = Debug|x86
		{88378BC1-B7CF-4B59-9EDA-8D14D3FB2B64}.Debug|x64.ActiveCfg = Debug|x86
		{88378BC1-B7CF-4B59-9EDA-8D14D3FB2B64}.Debug|x86.ActiveCfg = Debug|x86
		{88378BC1-B7CF-4B59-9EDA-8D14D3FB2B64}.Release|Any CPU.ActiveCfg = Release|x86
		{88378BC1-B7CF-4B59-9EDA-8D14D3FB2B64}.Release|Mixed Platforms.ActiveCfg = Release|x86
		{88378BC1-B7CF-4B59-9EDA-8D14D3FB2B64}.Release|Win32.ActiveCfg = Release|x86
		{88378BC1-B7CF-4B59-9EDA-8D14D3FB2B64}.Release|x64.ActiveCfg = Release|x86
		{88378BC1-B7CF-4B59-9EDA-8D14D3FB2B64}.Release|x86.ActiveCfg = Release|x86
	EndGlobalSection
	GlobalSection(SolutionProperties) = preSolution
		HideSolutionNode = FALSE
	EndGlobalSection
EndGlobal
