
Microsoft Visual Studio Solution File, Format Version 10.00
# Visual Studio 2008
Project("{8BC9CEB8-8B4A-11D0-8D11-00A0C91BC942}") = "IceCpp", "Ice\IceCpp.vcproj", "{3D8CD05B-754C-49C5-8CA1-78B7B1FF4C18}"
EndProject
Project("{FAE04EC0-301F-11D3-BF4B-00C04F79EFBC}") = "Client", "Client\Driver\Client.csproj", "{26B89063-0E04-4706-9B45-B4E0DD3949A4}"
EndProject
Project("{8BC9CEB8-8B4A-11D0-8D11-00A0C91BC942}") = "Theater", "Server\Game\Driver\Theater.vcproj", "{A2A84F78-19A9-4BEF-A7C8-33F1C334E0FD}"
EndProject
Project("{8BC9CEB8-8B4A-11D0-8D11-00A0C91BC942}") = "Gardener", "Map_Editor\Gardener.vcproj", "{6364876F-49FE-49E0-BDC6-071F2F8478CC}"
	ProjectSection(ProjectDependencies) = postProject
		{3D8CD05B-754C-49C5-8CA1-78B7B1FF4C18} = {3D8CD05B-754C-49C5-8CA1-78B7B1FF4C18}
	EndProjectSection
EndProject
Project("{8BC9CEB8-8B4A-11D0-8D11-00A0C91BC942}") = "GardenerTests", "Map_Editor\check\GardenerTests.vcproj", "{5E6A1E46-921A-4041-B3D9-181B13971074}"
	ProjectSection(ProjectDependencies) = postProject
		{3D8CD05B-754C-49C5-8CA1-78B7B1FF4C18} = {3D8CD05B-754C-49C5-8CA1-78B7B1FF4C18}
	EndProjectSection
EndProject
Project("{8BC9CEB8-8B4A-11D0-8D11-00A0C91BC942}") = "TheaterTests", "Server\Game\TheaterTests\TheaterTests.vcproj", "{5A91E653-41B2-4417-88F6-E16963B43824}"
	ProjectSection(ProjectDependencies) = postProject
		{3D8CD05B-754C-49C5-8CA1-78B7B1FF4C18} = {3D8CD05B-754C-49C5-8CA1-78B7B1FF4C18}
		{A2A84F78-19A9-4BEF-A7C8-33F1C334E0FD} = {A2A84F78-19A9-4BEF-A7C8-33F1C334E0FD}
	EndProjectSection
EndProject
Project("{FAE04EC0-301F-11D3-BF4B-00C04F79EFBC}") = "ClientTests", "Client\ClientTests\ClientTests.csproj", "{0354CB54-BE72-4BFB-BB08-B5F95858F852}"
EndProject
Project("{FAE04EC0-301F-11D3-BF4B-00C04F79EFBC}") = "Options", "Client\Patcher\Options\Options.csproj", "{79BFE06D-07EF-490D-A80B-E856E957455F}"
EndProject
Project("{FAE04EC0-301F-11D3-BF4B-00C04F79EFBC}") = "GameForms", "Client\GameForms\GameForms.csproj", "{FCA01C54-3EB6-4319-AA83-245B43A35BE0}"
EndProject
Project("{FAE04EC0-301F-11D3-BF4B-00C04F79EFBC}") = "Audio", "Client\Audio\Audio.csproj", "{65BF691E-119E-4069-9DB0-5520087ECD4B}"
EndProject
Project("{FAE04EC0-301F-11D3-BF4B-00C04F79EFBC}") = "Network", "Client\Network\Network.csproj", "{88C2E3B5-05E6-437E-9915-6FD276128FEF}"
EndProject
Project("{FAE04EC0-301F-11D3-BF4B-00C04F79EFBC}") = "Renderer", "Client\Renderer\Renderer\Renderer.csproj", "{D8993E71-380D-4048-944B-3C76F9D7E77B}"
EndProject
Project("{FAE04EC0-301F-11D3-BF4B-00C04F79EFBC}") = "AIFramework", "Client\AIFramework\AIFramework.csproj", "{BBB5CDE0-D6E5-4AE4-A5BE-80F4EA15E448}"
EndProject
Project("{FAE04EC0-301F-11D3-BF4B-00C04F79EFBC}") = "IceCs", "Ice\IceCs.csproj", "{B8547B9A-0FB1-441F-81E6-0E364AEE7D46}"
EndProject
Project("{FAE04EC0-301F-11D3-BF4B-00C04F79EFBC}") = "DynamicModelViewer", "Client\DynamicModelViewer\DynamicModelViewer\DynamicModelViewer.csproj", "{F15DAE0F-4C9B-452B-A7EE-089DF8BC1783}"
EndProject
Project("{FAE04EC0-301F-11D3-BF4B-00C04F79EFBC}") = "SkinnedModelWindows", "Client\SkinnedModel\SkinnedModelWindows.csproj", "{0D41E29B-829F-4255-BCA5-64DC2677DA6D}"
EndProject
Project("{FAE04EC0-301F-11D3-BF4B-00C04F79EFBC}") = "ModelPipelines", "Client\SkinnedModelPipeline\ModelPipelines.csproj", "{007DFB20-8DAF-4088-BB0A-C5EB0282E679}"
EndProject
Project("{FAE04EC0-301F-11D3-BF4B-00C04F79EFBC}") = "Launcher", "Launcher\Launcher.csproj", "{D1966BE6-4A47-4B3F-8724-2CD906AE23B4}"
	ProjectSection(ProjectDependencies) = postProject
		{79BFE06D-07EF-490D-A80B-E856E957455F} = {79BFE06D-07EF-490D-A80B-E856E957455F}
	EndProjectSection
EndProject
Global
	GlobalSection(SolutionConfigurationPlatforms) = preSolution
		Debug|Any CPU = Debug|Any CPU
		Debug|Mixed Platforms = Debug|Mixed Platforms
		Debug|Win32 = Debug|Win32
		Debug|x64 = Debug|x64
		Debug|x86 = Debug|x86
		Debug|Xbox 360 = Debug|Xbox 360
		Release|Any CPU = Release|Any CPU
		Release|Mixed Platforms = Release|Mixed Platforms
		Release|Win32 = Release|Win32
		Release|x64 = Release|x64
		Release|x86 = Release|x86
		Release|Xbox 360 = Release|Xbox 360
	EndGlobalSection
	GlobalSection(ProjectConfigurationPlatforms) = postSolution
		{3D8CD05B-754C-49C5-8CA1-78B7B1FF4C18}.Debug|Any CPU.ActiveCfg = Debug|Win32
		{3D8CD05B-754C-49C5-8CA1-78B7B1FF4C18}.Debug|Mixed Platforms.ActiveCfg = Debug|Win32
		{3D8CD05B-754C-49C5-8CA1-78B7B1FF4C18}.Debug|Mixed Platforms.Build.0 = Debug|Win32
		{3D8CD05B-754C-49C5-8CA1-78B7B1FF4C18}.Debug|Win32.ActiveCfg = Debug|Win32
		{3D8CD05B-754C-49C5-8CA1-78B7B1FF4C18}.Debug|Win32.Build.0 = Debug|Win32
		{3D8CD05B-754C-49C5-8CA1-78B7B1FF4C18}.Debug|x64.ActiveCfg = Debug|Win32
		{3D8CD05B-754C-49C5-8CA1-78B7B1FF4C18}.Debug|x64.Build.0 = Debug|Win32
		{3D8CD05B-754C-49C5-8CA1-78B7B1FF4C18}.Debug|x86.ActiveCfg = Debug|Win32
		{3D8CD05B-754C-49C5-8CA1-78B7B1FF4C18}.Debug|Xbox 360.ActiveCfg = Debug|x64
		{3D8CD05B-754C-49C5-8CA1-78B7B1FF4C18}.Release|Any CPU.ActiveCfg = Release|Win32
		{3D8CD05B-754C-49C5-8CA1-78B7B1FF4C18}.Release|Mixed Platforms.ActiveCfg = Release|Win32
		{3D8CD05B-754C-49C5-8CA1-78B7B1FF4C18}.Release|Mixed Platforms.Build.0 = Release|Win32
		{3D8CD05B-754C-49C5-8CA1-78B7B1FF4C18}.Release|Win32.ActiveCfg = Release|Win32
		{3D8CD05B-754C-49C5-8CA1-78B7B1FF4C18}.Release|Win32.Build.0 = Release|Win32
		{3D8CD05B-754C-49C5-8CA1-78B7B1FF4C18}.Release|x64.ActiveCfg = Release|Win32
		{3D8CD05B-754C-49C5-8CA1-78B7B1FF4C18}.Release|x64.Build.0 = Release|Win32
		{3D8CD05B-754C-49C5-8CA1-78B7B1FF4C18}.Release|x86.ActiveCfg = Release|Win32
		{3D8CD05B-754C-49C5-8CA1-78B7B1FF4C18}.Release|Xbox 360.ActiveCfg = Release|x64
		{26B89063-0E04-4706-9B45-B4E0DD3949A4}.Debug|Any CPU.ActiveCfg = Debug|x86
		{26B89063-0E04-4706-9B45-B4E0DD3949A4}.Debug|Mixed Platforms.ActiveCfg = Debug|x86
		{26B89063-0E04-4706-9B45-B4E0DD3949A4}.Debug|Mixed Platforms.Build.0 = Debug|x86
		{26B89063-0E04-4706-9B45-B4E0DD3949A4}.Debug|Win32.ActiveCfg = Debug|x86
		{26B89063-0E04-4706-9B45-B4E0DD3949A4}.Debug|x64.ActiveCfg = Debug|x86
		{26B89063-0E04-4706-9B45-B4E0DD3949A4}.Debug|x64.Build.0 = Debug|x86
		{26B89063-0E04-4706-9B45-B4E0DD3949A4}.Debug|x86.ActiveCfg = Debug|x86
		{26B89063-0E04-4706-9B45-B4E0DD3949A4}.Debug|x86.Build.0 = Debug|x86
		{26B89063-0E04-4706-9B45-B4E0DD3949A4}.Debug|Xbox 360.ActiveCfg = Debug|x86
		{26B89063-0E04-4706-9B45-B4E0DD3949A4}.Release|Any CPU.ActiveCfg = Release|x86
		{26B89063-0E04-4706-9B45-B4E0DD3949A4}.Release|Mixed Platforms.ActiveCfg = Release|x86
		{26B89063-0E04-4706-9B45-B4E0DD3949A4}.Release|Mixed Platforms.Build.0 = Release|x86
		{26B89063-0E04-4706-9B45-B4E0DD3949A4}.Release|Win32.ActiveCfg = Release|x86
		{26B89063-0E04-4706-9B45-B4E0DD3949A4}.Release|x64.ActiveCfg = Release|x86
		{26B89063-0E04-4706-9B45-B4E0DD3949A4}.Release|x64.Build.0 = Release|x86
		{26B89063-0E04-4706-9B45-B4E0DD3949A4}.Release|x86.ActiveCfg = Release|x86
		{26B89063-0E04-4706-9B45-B4E0DD3949A4}.Release|x86.Build.0 = Release|x86
		{26B89063-0E04-4706-9B45-B4E0DD3949A4}.Release|Xbox 360.ActiveCfg = Release|x86
		{A2A84F78-19A9-4BEF-A7C8-33F1C334E0FD}.Debug|Any CPU.ActiveCfg = Debug|Win32
		{A2A84F78-19A9-4BEF-A7C8-33F1C334E0FD}.Debug|Mixed Platforms.ActiveCfg = Debug|Win32
		{A2A84F78-19A9-4BEF-A7C8-33F1C334E0FD}.Debug|Mixed Platforms.Build.0 = Debug|Win32
		{A2A84F78-19A9-4BEF-A7C8-33F1C334E0FD}.Debug|Win32.ActiveCfg = Debug|Win32
		{A2A84F78-19A9-4BEF-A7C8-33F1C334E0FD}.Debug|Win32.Build.0 = Debug|Win32
		{A2A84F78-19A9-4BEF-A7C8-33F1C334E0FD}.Debug|x64.ActiveCfg = Debug|Win32
		{A2A84F78-19A9-4BEF-A7C8-33F1C334E0FD}.Debug|x86.ActiveCfg = Debug|Win32
		{A2A84F78-19A9-4BEF-A7C8-33F1C334E0FD}.Debug|Xbox 360.ActiveCfg = Debug|x64
		{A2A84F78-19A9-4BEF-A7C8-33F1C334E0FD}.Release|Any CPU.ActiveCfg = Release|Win32
		{A2A84F78-19A9-4BEF-A7C8-33F1C334E0FD}.Release|Mixed Platforms.ActiveCfg = Release|Win32
		{A2A84F78-19A9-4BEF-A7C8-33F1C334E0FD}.Release|Mixed Platforms.Build.0 = Release|Win32
		{A2A84F78-19A9-4BEF-A7C8-33F1C334E0FD}.Release|Win32.ActiveCfg = Release|Win32
		{A2A84F78-19A9-4BEF-A7C8-33F1C334E0FD}.Release|Win32.Build.0 = Release|Win32
		{A2A84F78-19A9-4BEF-A7C8-33F1C334E0FD}.Release|x64.ActiveCfg = Release|Win32
		{A2A84F78-19A9-4BEF-A7C8-33F1C334E0FD}.Release|x64.Build.0 = Release|Win32
		{A2A84F78-19A9-4BEF-A7C8-33F1C334E0FD}.Release|x86.ActiveCfg = Release|Win32
		{A2A84F78-19A9-4BEF-A7C8-33F1C334E0FD}.Release|Xbox 360.ActiveCfg = Release|x64
		{6364876F-49FE-49E0-BDC6-071F2F8478CC}.Debug|Any CPU.ActiveCfg = Debug|Win32
		{6364876F-49FE-49E0-BDC6-071F2F8478CC}.Debug|Mixed Platforms.ActiveCfg = Debug|Win32
		{6364876F-49FE-49E0-BDC6-071F2F8478CC}.Debug|Mixed Platforms.Build.0 = Debug|Win32
		{6364876F-49FE-49E0-BDC6-071F2F8478CC}.Debug|Win32.ActiveCfg = Debug|Win32
		{6364876F-49FE-49E0-BDC6-071F2F8478CC}.Debug|Win32.Build.0 = Debug|Win32
		{6364876F-49FE-49E0-BDC6-071F2F8478CC}.Debug|x64.ActiveCfg = Debug|Win32
		{6364876F-49FE-49E0-BDC6-071F2F8478CC}.Debug|x64.Build.0 = Debug|Win32
		{6364876F-49FE-49E0-BDC6-071F2F8478CC}.Debug|x86.ActiveCfg = Debug|Win32
		{6364876F-49FE-49E0-BDC6-071F2F8478CC}.Debug|Xbox 360.ActiveCfg = Debug|Win32
		{6364876F-49FE-49E0-BDC6-071F2F8478CC}.Release|Any CPU.ActiveCfg = Release|Win32
		{6364876F-49FE-49E0-BDC6-071F2F8478CC}.Release|Mixed Platforms.ActiveCfg = Release|Win32
		{6364876F-49FE-49E0-BDC6-071F2F8478CC}.Release|Mixed Platforms.Build.0 = Release|Win32
		{6364876F-49FE-49E0-BDC6-071F2F8478CC}.Release|Win32.ActiveCfg = Release|Win32
		{6364876F-49FE-49E0-BDC6-071F2F8478CC}.Release|Win32.Build.0 = Release|Win32
		{6364876F-49FE-49E0-BDC6-071F2F8478CC}.Release|x64.ActiveCfg = Release|Win32
		{6364876F-49FE-49E0-BDC6-071F2F8478CC}.Release|x64.Build.0 = Release|Win32
		{6364876F-49FE-49E0-BDC6-071F2F8478CC}.Release|x86.ActiveCfg = Release|Win32
		{6364876F-49FE-49E0-BDC6-071F2F8478CC}.Release|Xbox 360.ActiveCfg = Release|Win32
		{5E6A1E46-921A-4041-B3D9-181B13971074}.Debug|Any CPU.ActiveCfg = Debug|Win32
		{5E6A1E46-921A-4041-B3D9-181B13971074}.Debug|Mixed Platforms.ActiveCfg = Debug|Win32
		{5E6A1E46-921A-4041-B3D9-181B13971074}.Debug|Mixed Platforms.Build.0 = Debug|Win32
		{5E6A1E46-921A-4041-B3D9-181B13971074}.Debug|Win32.ActiveCfg = Debug|Win32
		{5E6A1E46-921A-4041-B3D9-181B13971074}.Debug|Win32.Build.0 = Debug|Win32
		{5E6A1E46-921A-4041-B3D9-181B13971074}.Debug|x64.ActiveCfg = Debug|Win32
		{5E6A1E46-921A-4041-B3D9-181B13971074}.Debug|x64.Build.0 = Debug|Win32
		{5E6A1E46-921A-4041-B3D9-181B13971074}.Debug|x86.ActiveCfg = Debug|Win32
		{5E6A1E46-921A-4041-B3D9-181B13971074}.Debug|Xbox 360.ActiveCfg = Debug|x64
		{5E6A1E46-921A-4041-B3D9-181B13971074}.Release|Any CPU.ActiveCfg = Release|Win32
		{5E6A1E46-921A-4041-B3D9-181B13971074}.Release|Mixed Platforms.ActiveCfg = Release|Win32
		{5E6A1E46-921A-4041-B3D9-181B13971074}.Release|Mixed Platforms.Build.0 = Release|Win32
		{5E6A1E46-921A-4041-B3D9-181B13971074}.Release|Win32.ActiveCfg = Release|Win32
		{5E6A1E46-921A-4041-B3D9-181B13971074}.Release|Win32.Build.0 = Release|Win32
		{5E6A1E46-921A-4041-B3D9-181B13971074}.Release|x64.ActiveCfg = Release|Win32
		{5E6A1E46-921A-4041-B3D9-181B13971074}.Release|x64.Build.0 = Release|Win32
		{5E6A1E46-921A-4041-B3D9-181B13971074}.Release|x86.ActiveCfg = Release|Win32
		{5E6A1E46-921A-4041-B3D9-181B13971074}.Release|Xbox 360.ActiveCfg = Release|x64
		{5A91E653-41B2-4417-88F6-E16963B43824}.Debug|Any CPU.ActiveCfg = Debug|Win32
		{5A91E653-41B2-4417-88F6-E16963B43824}.Debug|Mixed Platforms.ActiveCfg = Debug|Win32
		{5A91E653-41B2-4417-88F6-E16963B43824}.Debug|Mixed Platforms.Build.0 = Debug|Win32
		{5A91E653-41B2-4417-88F6-E16963B43824}.Debug|Win32.ActiveCfg = Debug|Win32
		{5A91E653-41B2-4417-88F6-E16963B43824}.Debug|Win32.Build.0 = Debug|Win32
		{5A91E653-41B2-4417-88F6-E16963B43824}.Debug|x64.ActiveCfg = Debug|x64
		{5A91E653-41B2-4417-88F6-E16963B43824}.Debug|x64.Build.0 = Debug|x64
		{5A91E653-41B2-4417-88F6-E16963B43824}.Debug|x86.ActiveCfg = Debug|Win32
		{5A91E653-41B2-4417-88F6-E16963B43824}.Debug|Xbox 360.ActiveCfg = Debug|x64
		{5A91E653-41B2-4417-88F6-E16963B43824}.Release|Any CPU.ActiveCfg = Release|Win32
		{5A91E653-41B2-4417-88F6-E16963B43824}.Release|Mixed Platforms.ActiveCfg = Release|Win32
		{5A91E653-41B2-4417-88F6-E16963B43824}.Release|Mixed Platforms.Build.0 = Release|Win32
		{5A91E653-41B2-4417-88F6-E16963B43824}.Release|Win32.ActiveCfg = Release|Win32
		{5A91E653-41B2-4417-88F6-E16963B43824}.Release|Win32.Build.0 = Release|Win32
		{5A91E653-41B2-4417-88F6-E16963B43824}.Release|x64.ActiveCfg = Release|Win32
		{5A91E653-41B2-4417-88F6-E16963B43824}.Release|x64.Build.0 = Release|Win32
		{5A91E653-41B2-4417-88F6-E16963B43824}.Release|x86.ActiveCfg = Release|Win32
		{5A91E653-41B2-4417-88F6-E16963B43824}.Release|Xbox 360.ActiveCfg = Release|x64
		{0354CB54-BE72-4BFB-BB08-B5F95858F852}.Debug|Any CPU.ActiveCfg = Debug|Any CPU
		{0354CB54-BE72-4BFB-BB08-B5F95858F852}.Debug|Any CPU.Build.0 = Debug|Any CPU
		{0354CB54-BE72-4BFB-BB08-B5F95858F852}.Debug|Mixed Platforms.ActiveCfg = Debug|Any CPU
		{0354CB54-BE72-4BFB-BB08-B5F95858F852}.Debug|Mixed Platforms.Build.0 = Debug|Any CPU
		{0354CB54-BE72-4BFB-BB08-B5F95858F852}.Debug|Win32.ActiveCfg = Debug|Any CPU
		{0354CB54-BE72-4BFB-BB08-B5F95858F852}.Debug|x64.ActiveCfg = Debug|x64
		{0354CB54-BE72-4BFB-BB08-B5F95858F852}.Debug|x64.Build.0 = Debug|x64
		{0354CB54-BE72-4BFB-BB08-B5F95858F852}.Debug|x86.ActiveCfg = Debug|Any CPU
		{0354CB54-BE72-4BFB-BB08-B5F95858F852}.Debug|Xbox 360.ActiveCfg = Debug|x64
		{0354CB54-BE72-4BFB-BB08-B5F95858F852}.Release|Any CPU.ActiveCfg = Release|Any CPU
		{0354CB54-BE72-4BFB-BB08-B5F95858F852}.Release|Any CPU.Build.0 = Release|Any CPU
		{0354CB54-BE72-4BFB-BB08-B5F95858F852}.Release|Mixed Platforms.ActiveCfg = Release|Any CPU
		{0354CB54-BE72-4BFB-BB08-B5F95858F852}.Release|Mixed Platforms.Build.0 = Release|Any CPU
		{0354CB54-BE72-4BFB-BB08-B5F95858F852}.Release|Win32.ActiveCfg = Release|Any CPU
		{0354CB54-BE72-4BFB-BB08-B5F95858F852}.Release|x64.ActiveCfg = Release|Any CPU
		{0354CB54-BE72-4BFB-BB08-B5F95858F852}.Release|x64.Build.0 = Release|Any CPU
		{0354CB54-BE72-4BFB-BB08-B5F95858F852}.Release|x86.ActiveCfg = Release|Any CPU
		{0354CB54-BE72-4BFB-BB08-B5F95858F852}.Release|Xbox 360.ActiveCfg = Release|x64
		{79BFE06D-07EF-490D-A80B-E856E957455F}.Debug|Any CPU.ActiveCfg = Debug|Any CPU
		{79BFE06D-07EF-490D-A80B-E856E957455F}.Debug|Any CPU.Build.0 = Debug|Any CPU
		{79BFE06D-07EF-490D-A80B-E856E957455F}.Debug|Mixed Platforms.ActiveCfg = Debug|Any CPU
		{79BFE06D-07EF-490D-A80B-E856E957455F}.Debug|Mixed Platforms.Build.0 = Debug|Any CPU
		{79BFE06D-07EF-490D-A80B-E856E957455F}.Debug|Win32.ActiveCfg = Debug|Any CPU
		{79BFE06D-07EF-490D-A80B-E856E957455F}.Debug|x64.ActiveCfg = Debug|x64
		{79BFE06D-07EF-490D-A80B-E856E957455F}.Debug|x64.Build.0 = Debug|x64
		{79BFE06D-07EF-490D-A80B-E856E957455F}.Debug|x86.ActiveCfg = Debug|Any CPU
		{79BFE06D-07EF-490D-A80B-E856E957455F}.Debug|Xbox 360.ActiveCfg = Debug|x64
		{79BFE06D-07EF-490D-A80B-E856E957455F}.Release|Any CPU.ActiveCfg = Release|Any CPU
		{79BFE06D-07EF-490D-A80B-E856E957455F}.Release|Any CPU.Build.0 = Release|Any CPU
		{79BFE06D-07EF-490D-A80B-E856E957455F}.Release|Mixed Platforms.ActiveCfg = Release|Any CPU
		{79BFE06D-07EF-490D-A80B-E856E957455F}.Release|Mixed Platforms.Build.0 = Release|Any CPU
		{79BFE06D-07EF-490D-A80B-E856E957455F}.Release|Win32.ActiveCfg = Release|Any CPU
		{79BFE06D-07EF-490D-A80B-E856E957455F}.Release|x64.ActiveCfg = Release|Any CPU
		{79BFE06D-07EF-490D-A80B-E856E957455F}.Release|x64.Build.0 = Release|Any CPU
		{79BFE06D-07EF-490D-A80B-E856E957455F}.Release|x86.ActiveCfg = Release|Any CPU
		{79BFE06D-07EF-490D-A80B-E856E957455F}.Release|Xbox 360.ActiveCfg = Release|x64
		{FCA01C54-3EB6-4319-AA83-245B43A35BE0}.Debug|Any CPU.ActiveCfg = Debug|x86
		{FCA01C54-3EB6-4319-AA83-245B43A35BE0}.Debug|Mixed Platforms.ActiveCfg = Debug|x86
		{FCA01C54-3EB6-4319-AA83-245B43A35BE0}.Debug|Mixed Platforms.Build.0 = Debug|x86
		{FCA01C54-3EB6-4319-AA83-245B43A35BE0}.Debug|Win32.ActiveCfg = Debug|x86
		{FCA01C54-3EB6-4319-AA83-245B43A35BE0}.Debug|x64.ActiveCfg = Debug|x86
		{FCA01C54-3EB6-4319-AA83-245B43A35BE0}.Debug|x64.Build.0 = Debug|x86
		{FCA01C54-3EB6-4319-AA83-245B43A35BE0}.Debug|x86.ActiveCfg = Debug|x86
		{FCA01C54-3EB6-4319-AA83-245B43A35BE0}.Debug|x86.Build.0 = Debug|x86
		{FCA01C54-3EB6-4319-AA83-245B43A35BE0}.Debug|Xbox 360.ActiveCfg = Debug|x86
		{FCA01C54-3EB6-4319-AA83-245B43A35BE0}.Release|Any CPU.ActiveCfg = Release|x86
		{FCA01C54-3EB6-4319-AA83-245B43A35BE0}.Release|Mixed Platforms.ActiveCfg = Release|x86
		{FCA01C54-3EB6-4319-AA83-245B43A35BE0}.Release|Mixed Platforms.Build.0 = Release|x86
		{FCA01C54-3EB6-4319-AA83-245B43A35BE0}.Release|Win32.ActiveCfg = Release|x86
		{FCA01C54-3EB6-4319-AA83-245B43A35BE0}.Release|x64.ActiveCfg = Release|x86
		{FCA01C54-3EB6-4319-AA83-245B43A35BE0}.Release|x64.Build.0 = Release|x86
		{FCA01C54-3EB6-4319-AA83-245B43A35BE0}.Release|x86.ActiveCfg = Release|x86
		{FCA01C54-3EB6-4319-AA83-245B43A35BE0}.Release|x86.Build.0 = Release|x86
		{FCA01C54-3EB6-4319-AA83-245B43A35BE0}.Release|Xbox 360.ActiveCfg = Release|x86
		{65BF691E-119E-4069-9DB0-5520087ECD4B}.Debug|Any CPU.ActiveCfg = Debug|Any CPU
		{65BF691E-119E-4069-9DB0-5520087ECD4B}.Debug|Any CPU.Build.0 = Debug|Any CPU
		{65BF691E-119E-4069-9DB0-5520087ECD4B}.Debug|Mixed Platforms.ActiveCfg = Debug|Any CPU
		{65BF691E-119E-4069-9DB0-5520087ECD4B}.Debug|Mixed Platforms.Build.0 = Debug|Any CPU
		{65BF691E-119E-4069-9DB0-5520087ECD4B}.Debug|Win32.ActiveCfg = Debug|Any CPU
		{65BF691E-119E-4069-9DB0-5520087ECD4B}.Debug|x64.ActiveCfg = Debug|x64
		{65BF691E-119E-4069-9DB0-5520087ECD4B}.Debug|x64.Build.0 = Debug|x64
		{65BF691E-119E-4069-9DB0-5520087ECD4B}.Debug|x86.ActiveCfg = Debug|Any CPU
		{65BF691E-119E-4069-9DB0-5520087ECD4B}.Debug|Xbox 360.ActiveCfg = Debug|x64
		{65BF691E-119E-4069-9DB0-5520087ECD4B}.Release|Any CPU.ActiveCfg = Release|Any CPU
		{65BF691E-119E-4069-9DB0-5520087ECD4B}.Release|Any CPU.Build.0 = Release|Any CPU
		{65BF691E-119E-4069-9DB0-5520087ECD4B}.Release|Mixed Platforms.ActiveCfg = Release|Any CPU
		{65BF691E-119E-4069-9DB0-5520087ECD4B}.Release|Mixed Platforms.Build.0 = Release|Any CPU
		{65BF691E-119E-4069-9DB0-5520087ECD4B}.Release|Win32.ActiveCfg = Release|Any CPU
		{65BF691E-119E-4069-9DB0-5520087ECD4B}.Release|x64.ActiveCfg = Release|Any CPU
		{65BF691E-119E-4069-9DB0-5520087ECD4B}.Release|x64.Build.0 = Release|Any CPU
		{65BF691E-119E-4069-9DB0-5520087ECD4B}.Release|x86.ActiveCfg = Release|Any CPU
		{65BF691E-119E-4069-9DB0-5520087ECD4B}.Release|Xbox 360.ActiveCfg = Release|x64
		{88C2E3B5-05E6-437E-9915-6FD276128FEF}.Debug|Any CPU.ActiveCfg = Debug|Any CPU
		{88C2E3B5-05E6-437E-9915-6FD276128FEF}.Debug|Any CPU.Build.0 = Debug|Any CPU
		{88C2E3B5-05E6-437E-9915-6FD276128FEF}.Debug|Mixed Platforms.ActiveCfg = Debug|Any CPU
		{88C2E3B5-05E6-437E-9915-6FD276128FEF}.Debug|Mixed Platforms.Build.0 = Debug|Any CPU
		{88C2E3B5-05E6-437E-9915-6FD276128FEF}.Debug|Win32.ActiveCfg = Debug|Any CPU
		{88C2E3B5-05E6-437E-9915-6FD276128FEF}.Debug|x64.ActiveCfg = Debug|x64
		{88C2E3B5-05E6-437E-9915-6FD276128FEF}.Debug|x64.Build.0 = Debug|x64
		{88C2E3B5-05E6-437E-9915-6FD276128FEF}.Debug|x86.ActiveCfg = Debug|Any CPU
		{88C2E3B5-05E6-437E-9915-6FD276128FEF}.Debug|Xbox 360.ActiveCfg = Debug|x64
		{88C2E3B5-05E6-437E-9915-6FD276128FEF}.Release|Any CPU.ActiveCfg = Release|Any CPU
		{88C2E3B5-05E6-437E-9915-6FD276128FEF}.Release|Any CPU.Build.0 = Release|Any CPU
		{88C2E3B5-05E6-437E-9915-6FD276128FEF}.Release|Mixed Platforms.ActiveCfg = Release|Any CPU
		{88C2E3B5-05E6-437E-9915-6FD276128FEF}.Release|Mixed Platforms.Build.0 = Release|Any CPU
		{88C2E3B5-05E6-437E-9915-6FD276128FEF}.Release|Win32.ActiveCfg = Release|Any CPU
		{88C2E3B5-05E6-437E-9915-6FD276128FEF}.Release|x64.ActiveCfg = Release|Any CPU
		{88C2E3B5-05E6-437E-9915-6FD276128FEF}.Release|x64.Build.0 = Release|Any CPU
		{88C2E3B5-05E6-437E-9915-6FD276128FEF}.Release|x86.ActiveCfg = Release|Any CPU
		{88C2E3B5-05E6-437E-9915-6FD276128FEF}.Release|Xbox 360.ActiveCfg = Release|x64
		{D8993E71-380D-4048-944B-3C76F9D7E77B}.Debug|Any CPU.ActiveCfg = Debug|x86
		{D8993E71-380D-4048-944B-3C76F9D7E77B}.Debug|Mixed Platforms.ActiveCfg = Debug|x86
		{D8993E71-380D-4048-944B-3C76F9D7E77B}.Debug|Mixed Platforms.Build.0 = Debug|x86
		{D8993E71-380D-4048-944B-3C76F9D7E77B}.Debug|Win32.ActiveCfg = Debug|x86
		{D8993E71-380D-4048-944B-3C76F9D7E77B}.Debug|x64.ActiveCfg = Debug|x86
		{D8993E71-380D-4048-944B-3C76F9D7E77B}.Debug|x64.Build.0 = Debug|x86
		{D8993E71-380D-4048-944B-3C76F9D7E77B}.Debug|x86.ActiveCfg = Debug|x86
		{D8993E71-380D-4048-944B-3C76F9D7E77B}.Debug|x86.Build.0 = Debug|x86
		{D8993E71-380D-4048-944B-3C76F9D7E77B}.Debug|Xbox 360.ActiveCfg = Debug|x86
		{D8993E71-380D-4048-944B-3C76F9D7E77B}.Release|Any CPU.ActiveCfg = Release|x86
		{D8993E71-380D-4048-944B-3C76F9D7E77B}.Release|Mixed Platforms.ActiveCfg = Release|x86
		{D8993E71-380D-4048-944B-3C76F9D7E77B}.Release|Mixed Platforms.Build.0 = Release|x86
		{D8993E71-380D-4048-944B-3C76F9D7E77B}.Release|Win32.ActiveCfg = Release|x86
		{D8993E71-380D-4048-944B-3C76F9D7E77B}.Release|x64.ActiveCfg = Release|x86
		{D8993E71-380D-4048-944B-3C76F9D7E77B}.Release|x64.Build.0 = Release|x86
		{D8993E71-380D-4048-944B-3C76F9D7E77B}.Release|x86.ActiveCfg = Release|x86
		{D8993E71-380D-4048-944B-3C76F9D7E77B}.Release|x86.Build.0 = Release|x86
		{D8993E71-380D-4048-944B-3C76F9D7E77B}.Release|Xbox 360.ActiveCfg = Release|x86
		{BBB5CDE0-D6E5-4AE4-A5BE-80F4EA15E448}.Debug|Any CPU.ActiveCfg = Debug|Any CPU
		{BBB5CDE0-D6E5-4AE4-A5BE-80F4EA15E448}.Debug|Any CPU.Build.0 = Debug|Any CPU
		{BBB5CDE0-D6E5-4AE4-A5BE-80F4EA15E448}.Debug|Mixed Platforms.ActiveCfg = Debug|Any CPU
		{BBB5CDE0-D6E5-4AE4-A5BE-80F4EA15E448}.Debug|Mixed Platforms.Build.0 = Debug|Any CPU
		{BBB5CDE0-D6E5-4AE4-A5BE-80F4EA15E448}.Debug|Win32.ActiveCfg = Debug|Any CPU
		{BBB5CDE0-D6E5-4AE4-A5BE-80F4EA15E448}.Debug|x64.ActiveCfg = Debug|x64
		{BBB5CDE0-D6E5-4AE4-A5BE-80F4EA15E448}.Debug|x64.Build.0 = Debug|x64
		{BBB5CDE0-D6E5-4AE4-A5BE-80F4EA15E448}.Debug|x86.ActiveCfg = Debug|Any CPU
		{BBB5CDE0-D6E5-4AE4-A5BE-80F4EA15E448}.Debug|Xbox 360.ActiveCfg = Debug|x64
		{BBB5CDE0-D6E5-4AE4-A5BE-80F4EA15E448}.Release|Any CPU.ActiveCfg = Release|Any CPU
		{BBB5CDE0-D6E5-4AE4-A5BE-80F4EA15E448}.Release|Any CPU.Build.0 = Release|Any CPU
		{BBB5CDE0-D6E5-4AE4-A5BE-80F4EA15E448}.Release|Mixed Platforms.ActiveCfg = Release|Any CPU
		{BBB5CDE0-D6E5-4AE4-A5BE-80F4EA15E448}.Release|Mixed Platforms.Build.0 = Release|Any CPU
		{BBB5CDE0-D6E5-4AE4-A5BE-80F4EA15E448}.Release|Win32.ActiveCfg = Release|Any CPU
		{BBB5CDE0-D6E5-4AE4-A5BE-80F4EA15E448}.Release|x64.ActiveCfg = Release|Any CPU
		{BBB5CDE0-D6E5-4AE4-A5BE-80F4EA15E448}.Release|x64.Build.0 = Release|Any CPU
		{BBB5CDE0-D6E5-4AE4-A5BE-80F4EA15E448}.Release|x86.ActiveCfg = Release|Any CPU
		{BBB5CDE0-D6E5-4AE4-A5BE-80F4EA15E448}.Release|Xbox 360.ActiveCfg = Release|x64
		{B8547B9A-0FB1-441F-81E6-0E364AEE7D46}.Debug|Any CPU.ActiveCfg = Debug|Any CPU
		{B8547B9A-0FB1-441F-81E6-0E364AEE7D46}.Debug|Any CPU.Build.0 = Debug|Any CPU
		{B8547B9A-0FB1-441F-81E6-0E364AEE7D46}.Debug|Mixed Platforms.ActiveCfg = Debug|Any CPU
		{B8547B9A-0FB1-441F-81E6-0E364AEE7D46}.Debug|Mixed Platforms.Build.0 = Debug|Any CPU
		{B8547B9A-0FB1-441F-81E6-0E364AEE7D46}.Debug|Win32.ActiveCfg = Debug|Any CPU
		{B8547B9A-0FB1-441F-81E6-0E364AEE7D46}.Debug|x64.ActiveCfg = Debug|Any CPU
		{B8547B9A-0FB1-441F-81E6-0E364AEE7D46}.Debug|x64.Build.0 = Debug|Any CPU
		{B8547B9A-0FB1-441F-81E6-0E364AEE7D46}.Debug|x86.ActiveCfg = Debug|Any CPU
		{B8547B9A-0FB1-441F-81E6-0E364AEE7D46}.Debug|Xbox 360.ActiveCfg = Debug|x64
		{B8547B9A-0FB1-441F-81E6-0E364AEE7D46}.Release|Any CPU.ActiveCfg = Release|Any CPU
		{B8547B9A-0FB1-441F-81E6-0E364AEE7D46}.Release|Any CPU.Build.0 = Release|Any CPU
		{B8547B9A-0FB1-441F-81E6-0E364AEE7D46}.Release|Mixed Platforms.ActiveCfg = Release|Any CPU
		{B8547B9A-0FB1-441F-81E6-0E364AEE7D46}.Release|Mixed Platforms.Build.0 = Release|Any CPU
		{B8547B9A-0FB1-441F-81E6-0E364AEE7D46}.Release|Win32.ActiveCfg = Release|Any CPU
		{B8547B9A-0FB1-441F-81E6-0E364AEE7D46}.Release|x64.ActiveCfg = Release|Any CPU
		{B8547B9A-0FB1-441F-81E6-0E364AEE7D46}.Release|x64.Build.0 = Release|Any CPU
		{B8547B9A-0FB1-441F-81E6-0E364AEE7D46}.Release|x86.ActiveCfg = Release|Any CPU
		{B8547B9A-0FB1-441F-81E6-0E364AEE7D46}.Release|Xbox 360.ActiveCfg = Release|x64
		{F15DAE0F-4C9B-452B-A7EE-089DF8BC1783}.Debug|Any CPU.ActiveCfg = Debug|x86
		{F15DAE0F-4C9B-452B-A7EE-089DF8BC1783}.Debug|Mixed Platforms.ActiveCfg = Debug|x86
		{F15DAE0F-4C9B-452B-A7EE-089DF8BC1783}.Debug|Mixed Platforms.Build.0 = Debug|x86
		{F15DAE0F-4C9B-452B-A7EE-089DF8BC1783}.Debug|Win32.ActiveCfg = Debug|x86
		{F15DAE0F-4C9B-452B-A7EE-089DF8BC1783}.Debug|x64.ActiveCfg = Debug|x86
		{F15DAE0F-4C9B-452B-A7EE-089DF8BC1783}.Debug|x86.ActiveCfg = Debug|x86
		{F15DAE0F-4C9B-452B-A7EE-089DF8BC1783}.Debug|x86.Build.0 = Debug|x86
		{F15DAE0F-4C9B-452B-A7EE-089DF8BC1783}.Debug|Xbox 360.ActiveCfg = Debug|x86
		{F15DAE0F-4C9B-452B-A7EE-089DF8BC1783}.Release|Any CPU.ActiveCfg = Release|x86
		{F15DAE0F-4C9B-452B-A7EE-089DF8BC1783}.Release|Mixed Platforms.ActiveCfg = Release|x86
		{F15DAE0F-4C9B-452B-A7EE-089DF8BC1783}.Release|Mixed Platforms.Build.0 = Release|x86
		{F15DAE0F-4C9B-452B-A7EE-089DF8BC1783}.Release|Win32.ActiveCfg = Release|x86
		{F15DAE0F-4C9B-452B-A7EE-089DF8BC1783}.Release|x64.ActiveCfg = Release|x86
		{F15DAE0F-4C9B-452B-A7EE-089DF8BC1783}.Release|x86.ActiveCfg = Release|x86
		{F15DAE0F-4C9B-452B-A7EE-089DF8BC1783}.Release|x86.Build.0 = Release|x86
		{F15DAE0F-4C9B-452B-A7EE-089DF8BC1783}.Release|Xbox 360.ActiveCfg = Release|x86
		{0D41E29B-829F-4255-BCA5-64DC2677DA6D}.Debug|Any CPU.ActiveCfg = Debug|Xbox 360
		{0D41E29B-829F-4255-BCA5-64DC2677DA6D}.Debug|Mixed Platforms.ActiveCfg = Debug|Xbox 360
		{0D41E29B-829F-4255-BCA5-64DC2677DA6D}.Debug|Mixed Platforms.Build.0 = Debug|Xbox 360
		{0D41E29B-829F-4255-BCA5-64DC2677DA6D}.Debug|Win32.ActiveCfg = Debug|Xbox 360
		{0D41E29B-829F-4255-BCA5-64DC2677DA6D}.Debug|x64.ActiveCfg = Debug|Xbox 360
		{0D41E29B-829F-4255-BCA5-64DC2677DA6D}.Debug|x86.ActiveCfg = Debug|x86
		{0D41E29B-829F-4255-BCA5-64DC2677DA6D}.Debug|x86.Build.0 = Debug|x86
		{0D41E29B-829F-4255-BCA5-64DC2677DA6D}.Debug|Xbox 360.ActiveCfg = Debug|Xbox 360
		{0D41E29B-829F-4255-BCA5-64DC2677DA6D}.Debug|Xbox 360.Build.0 = Debug|Xbox 360
		{0D41E29B-829F-4255-BCA5-64DC2677DA6D}.Release|Any CPU.ActiveCfg = Release|Xbox 360
		{0D41E29B-829F-4255-BCA5-64DC2677DA6D}.Release|Mixed Platforms.ActiveCfg = Release|Xbox 360
		{0D41E29B-829F-4255-BCA5-64DC2677DA6D}.Release|Mixed Platforms.Build.0 = Release|Xbox 360
		{0D41E29B-829F-4255-BCA5-64DC2677DA6D}.Release|Win32.ActiveCfg = Release|Xbox 360
		{0D41E29B-829F-4255-BCA5-64DC2677DA6D}.Release|x64.ActiveCfg = Release|Xbox 360
		{0D41E29B-829F-4255-BCA5-64DC2677DA6D}.Release|x86.ActiveCfg = Release|x86
		{0D41E29B-829F-4255-BCA5-64DC2677DA6D}.Release|x86.Build.0 = Release|x86
		{0D41E29B-829F-4255-BCA5-64DC2677DA6D}.Release|Xbox 360.ActiveCfg = Release|Xbox 360
		{0D41E29B-829F-4255-BCA5-64DC2677DA6D}.Release|Xbox 360.Build.0 = Release|Xbox 360
		{007DFB20-8DAF-4088-BB0A-C5EB0282E679}.Debug|Any CPU.ActiveCfg = Debug|Xbox 360
		{007DFB20-8DAF-4088-BB0A-C5EB0282E679}.Debug|Mixed Platforms.ActiveCfg = Debug|Xbox 360
		{007DFB20-8DAF-4088-BB0A-C5EB0282E679}.Debug|Mixed Platforms.Build.0 = Debug|Xbox 360
		{007DFB20-8DAF-4088-BB0A-C5EB0282E679}.Debug|Win32.ActiveCfg = Debug|Xbox 360
		{007DFB20-8DAF-4088-BB0A-C5EB0282E679}.Debug|x64.ActiveCfg = Debug|Xbox 360
		{007DFB20-8DAF-4088-BB0A-C5EB0282E679}.Debug|x86.ActiveCfg = Debug|x86
		{007DFB20-8DAF-4088-BB0A-C5EB0282E679}.Debug|x86.Build.0 = Debug|x86
		{007DFB20-8DAF-4088-BB0A-C5EB0282E679}.Debug|Xbox 360.ActiveCfg = Debug|Xbox 360
		{007DFB20-8DAF-4088-BB0A-C5EB0282E679}.Debug|Xbox 360.Build.0 = Debug|Xbox 360
		{007DFB20-8DAF-4088-BB0A-C5EB0282E679}.Release|Any CPU.ActiveCfg = Release|Xbox 360
		{007DFB20-8DAF-4088-BB0A-C5EB0282E679}.Release|Mixed Platforms.ActiveCfg = Release|Xbox 360
		{007DFB20-8DAF-4088-BB0A-C5EB0282E679}.Release|Mixed Platforms.Build.0 = Release|Xbox 360
		{007DFB20-8DAF-4088-BB0A-C5EB0282E679}.Release|Win32.ActiveCfg = Release|Xbox 360
		{007DFB20-8DAF-4088-BB0A-C5EB0282E679}.Release|x64.ActiveCfg = Release|Xbox 360
		{007DFB20-8DAF-4088-BB0A-C5EB0282E679}.Release|x86.ActiveCfg = Release|x86
		{007DFB20-8DAF-4088-BB0A-C5EB0282E679}.Release|x86.Build.0 = Release|x86
		{007DFB20-8DAF-4088-BB0A-C5EB0282E679}.Release|Xbox 360.ActiveCfg = Release|Xbox 360
		{007DFB20-8DAF-4088-BB0A-C5EB0282E679}.Release|Xbox 360.Build.0 = Release|Xbox 360
		{D1966BE6-4A47-4B3F-8724-2CD906AE23B4}.Debug|Any CPU.ActiveCfg = Debug|Any CPU
		{D1966BE6-4A47-4B3F-8724-2CD906AE23B4}.Debug|Any CPU.Build.0 = Debug|Any CPU
		{D1966BE6-4A47-4B3F-8724-2CD906AE23B4}.Debug|Mixed Platforms.ActiveCfg = Debug|Any CPU
		{D1966BE6-4A47-4B3F-8724-2CD906AE23B4}.Debug|Mixed Platforms.Build.0 = Debug|Any CPU
		{D1966BE6-4A47-4B3F-8724-2CD906AE23B4}.Debug|Win32.ActiveCfg = Debug|Any CPU
		{D1966BE6-4A47-4B3F-8724-2CD906AE23B4}.Debug|x64.ActiveCfg = Debug|Any CPU
		{D1966BE6-4A47-4B3F-8724-2CD906AE23B4}.Debug|x86.ActiveCfg = Debug|Any CPU
		{D1966BE6-4A47-4B3F-8724-2CD906AE23B4}.Debug|Xbox 360.ActiveCfg = Debug|Any CPU
		{D1966BE6-4A47-4B3F-8724-2CD906AE23B4}.Release|Any CPU.ActiveCfg = Release|Any CPU
		{D1966BE6-4A47-4B3F-8724-2CD906AE23B4}.Release|Any CPU.Build.0 = Release|Any CPU
		{D1966BE6-4A47-4B3F-8724-2CD906AE23B4}.Release|Mixed Platforms.ActiveCfg = Release|Any CPU
		{D1966BE6-4A47-4B3F-8724-2CD906AE23B4}.Release|Mixed Platforms.Build.0 = Release|Any CPU
		{D1966BE6-4A47-4B3F-8724-2CD906AE23B4}.Release|Win32.ActiveCfg = Release|Any CPU
		{D1966BE6-4A47-4B3F-8724-2CD906AE23B4}.Release|x64.ActiveCfg = Release|Any CPU
		{D1966BE6-4A47-4B3F-8724-2CD906AE23B4}.Release|x86.ActiveCfg = Release|Any CPU
		{D1966BE6-4A47-4B3F-8724-2CD906AE23B4}.Release|Xbox 360.ActiveCfg = Release|Any CPU
		{88378BC1-B7CF-4B59-9EDA-8D14D3FB2B64}.Debug|Any CPU.ActiveCfg = Debug|x86
		{88378BC1-B7CF-4B59-9EDA-8D14D3FB2B64}.Debug|Mixed Platforms.ActiveCfg = Debug|x86
		{88378BC1-B7CF-4B59-9EDA-8D14D3FB2B64}.Debug|Win32.ActiveCfg = Debug|x86
		{88378BC1-B7CF-4B59-9EDA-8D14D3FB2B64}.Debug|x64.ActiveCfg = Debug|x86
		{88378BC1-B7CF-4B59-9EDA-8D14D3FB2B64}.Debug|x86.ActiveCfg = Debug|x86
		{88378BC1-B7CF-4B59-9EDA-8D14D3FB2B64}.Debug|Xbox 360.ActiveCfg = Debug|x86
		{88378BC1-B7CF-4B59-9EDA-8D14D3FB2B64}.Release|Any CPU.ActiveCfg = Release|x86
		{88378BC1-B7CF-4B59-9EDA-8D14D3FB2B64}.Release|Mixed Platforms.ActiveCfg = Release|x86
		{88378BC1-B7CF-4B59-9EDA-8D14D3FB2B64}.Release|Win32.ActiveCfg = Release|x86
		{88378BC1-B7CF-4B59-9EDA-8D14D3FB2B64}.Release|x64.ActiveCfg = Release|x86
		{88378BC1-B7CF-4B59-9EDA-8D14D3FB2B64}.Release|x86.ActiveCfg = Release|x86
		{88378BC1-B7CF-4B59-9EDA-8D14D3FB2B64}.Release|Xbox 360.ActiveCfg = Release|x86
		{265AB262-23F4-4252-B9FD-AB0BF91BB7BF}.Debug|Any CPU.ActiveCfg = Debug|x86
		{265AB262-23F4-4252-B9FD-AB0BF91BB7BF}.Debug|Mixed Platforms.ActiveCfg = Debug|x86
		{265AB262-23F4-4252-B9FD-AB0BF91BB7BF}.Debug|Win32.ActiveCfg = Debug|x86
		{265AB262-23F4-4252-B9FD-AB0BF91BB7BF}.Debug|x64.ActiveCfg = Debug|x86
		{265AB262-23F4-4252-B9FD-AB0BF91BB7BF}.Debug|x86.ActiveCfg = Debug|x86
		{265AB262-23F4-4252-B9FD-AB0BF91BB7BF}.Debug|Xbox 360.ActiveCfg = Debug|x86
		{265AB262-23F4-4252-B9FD-AB0BF91BB7BF}.Release|Any CPU.ActiveCfg = Release|x86
		{265AB262-23F4-4252-B9FD-AB0BF91BB7BF}.Release|Mixed Platforms.ActiveCfg = Release|x86
		{265AB262-23F4-4252-B9FD-AB0BF91BB7BF}.Release|Win32.ActiveCfg = Release|x86
		{265AB262-23F4-4252-B9FD-AB0BF91BB7BF}.Release|x64.ActiveCfg = Release|x86
		{265AB262-23F4-4252-B9FD-AB0BF91BB7BF}.Release|x86.ActiveCfg = Release|x86
		{265AB262-23F4-4252-B9FD-AB0BF91BB7BF}.Release|Xbox 360.ActiveCfg = Release|x86
		{BDEDB104-3061-4DED-A2D9-E515CA51079A}.Debug|Any CPU.ActiveCfg = Debug|x86
		{BDEDB104-3061-4DED-A2D9-E515CA51079A}.Debug|Mixed Platforms.ActiveCfg = Debug|x86
		{BDEDB104-3061-4DED-A2D9-E515CA51079A}.Debug|Win32.ActiveCfg = Debug|x86
		{BDEDB104-3061-4DED-A2D9-E515CA51079A}.Debug|x64.ActiveCfg = Debug|x86
		{BDEDB104-3061-4DED-A2D9-E515CA51079A}.Debug|x86.ActiveCfg = Debug|x86
		{BDEDB104-3061-4DED-A2D9-E515CA51079A}.Debug|Xbox 360.ActiveCfg = Debug|x86
		{BDEDB104-3061-4DED-A2D9-E515CA51079A}.Release|Any CPU.ActiveCfg = Release|x86
		{BDEDB104-3061-4DED-A2D9-E515CA51079A}.Release|Mixed Platforms.ActiveCfg = Release|x86
		{BDEDB104-3061-4DED-A2D9-E515CA51079A}.Release|Win32.ActiveCfg = Release|x86
		{BDEDB104-3061-4DED-A2D9-E515CA51079A}.Release|x64.ActiveCfg = Release|x86
		{BDEDB104-3061-4DED-A2D9-E515CA51079A}.Release|x86.ActiveCfg = Release|x86
		{BDEDB104-3061-4DED-A2D9-E515CA51079A}.Release|Xbox 360.ActiveCfg = Release|x86
		{54CB906A-CE27-4113-82E9-0DBDA145FC17}.Debug|Any CPU.ActiveCfg = Debug|x86
		{54CB906A-CE27-4113-82E9-0DBDA145FC17}.Debug|Mixed Platforms.ActiveCfg = Debug|x86
		{54CB906A-CE27-4113-82E9-0DBDA145FC17}.Debug|Win32.ActiveCfg = Debug|x86
		{54CB906A-CE27-4113-82E9-0DBDA145FC17}.Debug|x64.ActiveCfg = Debug|x86
		{54CB906A-CE27-4113-82E9-0DBDA145FC17}.Debug|x86.ActiveCfg = Debug|x86
		{54CB906A-CE27-4113-82E9-0DBDA145FC17}.Debug|Xbox 360.ActiveCfg = Debug|x86
		{54CB906A-CE27-4113-82E9-0DBDA145FC17}.Release|Any CPU.ActiveCfg = Release|x86
		{54CB906A-CE27-4113-82E9-0DBDA145FC17}.Release|Mixed Platforms.ActiveCfg = Release|x86
		{54CB906A-CE27-4113-82E9-0DBDA145FC17}.Release|Win32.ActiveCfg = Release|x86
		{54CB906A-CE27-4113-82E9-0DBDA145FC17}.Release|x64.ActiveCfg = Release|x86
		{54CB906A-CE27-4113-82E9-0DBDA145FC17}.Release|x86.ActiveCfg = Release|x86
		{54CB906A-CE27-4113-82E9-0DBDA145FC17}.Release|Xbox 360.ActiveCfg = Release|x86
	EndGlobalSection
	GlobalSection(SolutionProperties) = preSolution
		HideSolutionNode = FALSE
	EndGlobalSection
EndGlobal
