<?xml version="1.0" encoding="utf-8"?>
<Project ToolsVersion="4.0" xmlns="http://schemas.microsoft.com/developer/msbuild/2003">
  <ItemGroup>
    <Filter Include="Source Files">
      <UniqueIdentifier>{4FC737F1-C7A5-4376-A066-2A32D752A2FF}</UniqueIdentifier>
      <Extensions>cpp;c;cc;cxx;def;odl;idl;hpj;bat;asm;asmx</Extensions>
    </Filter>
    <Filter Include="Header Files">
      <UniqueIdentifier>{93995380-89BD-4b04-88EB-625FBE52EBFB}</UniqueIdentifier>
      <Extensions>h;hpp;hxx;hm;inl;inc;xsd</Extensions>
    </Filter>
    <Filter Include="Resource Files">
      <UniqueIdentifier>{67DA6AB6-F800-4c08-8B7A-83BB121AAD01}</UniqueIdentifier>
      <Extensions>rc;ico;cur;bmp;dlg;rc2;rct;bin;rgs;gif;jpg;jpeg;jpe;resx;tiff;tif;png;wav</Extensions>
    </Filter>
  </ItemGroup>
  <ItemGroup>
    <ClCompile Include="CaptainVTank.cpp">
      <Filter>Source Files</Filter>
    </ClCompile>
    <ClCompile Include="ClockSync.cpp">
      <Filter>Source Files</Filter>
    </ClCompile>
    <ClCompile Include="Exception.cpp">
      <Filter>Source Files</Filter>
    </ClCompile>
    <ClCompile Include="GameSession.cpp">
      <Filter>Source Files</Filter>
    </ClCompile>
    <ClCompile Include="HealthMonitor.cpp">
      <Filter>Source Files</Filter>
    </ClCompile>
    <ClCompile Include="IGame.cpp">
      <Filter>Source Files</Filter>
    </ClCompile>
    <ClCompile Include="Main.cpp">
      <Filter>Source Files</Filter>
    </ClCompile>
    <ClCompile Include="MainSession.cpp">
      <Filter>Source Files</Filter>
    </ClCompile>
    <ClCompile Include="MainToGameSession.cpp">
      <Filter>Source Files</Filter>
    </ClCompile>
    <ClCompile Include="MapEditorSession.cpp">
      <Filter>Source Files</Filter>
    </ClCompile>
    <ClCompile Include="VTankObjects.cpp">
      <Filter>Source Files</Filter>
    </ClCompile>
  </ItemGroup>
  <ItemGroup>
    <ClInclude Include="CaptainVTank.h">
      <Filter>Header Files</Filter>
    </ClInclude>
    <ClInclude Include="ClockSync.h">
      <Filter>Header Files</Filter>
    </ClInclude>
    <ClInclude Include="Exception.h">
      <Filter>Header Files</Filter>
    </ClInclude>
    <ClInclude Include="GameSession.h">
      <Filter>Header Files</Filter>
    </ClInclude>
    <ClInclude Include="HealthMonitor.h">
      <Filter>Header Files</Filter>
    </ClInclude>
    <ClInclude Include="IGame.h">
      <Filter>Header Files</Filter>
    </ClInclude>
    <ClInclude Include="Main.h">
      <Filter>Header Files</Filter>
    </ClInclude>
    <ClInclude Include="MainSession.h">
      <Filter>Header Files</Filter>
    </ClInclude>
    <ClInclude Include="MainToGameSession.h">
      <Filter>Header Files</Filter>
    </ClInclude>
    <ClInclude Include="MapEditorSession.h">
      <Filter>Header Files</Filter>
    </ClInclude>
    <ClInclude Include="VTankObjects.h">
      <Filter>Header Files</Filter>
    </ClInclude>
  </ItemGroup>
  <ItemGroup>
    <slice2cpp Include="CaptainVTank.ice" />
    <slice2cpp Include="ClockSync.ice" />
    <slice2cpp Include="Exception.ice" />
    <slice2cpp Include="GameSession.ice" />
    <slice2cpp Include="HealthMonitor.ice" />
    <slice2cpp Include="IGame.ice" />
    <slice2cpp Include="Main.ice" />
    <slice2cpp Include="MainSession.ice" />
    <slice2cpp Include="MainToGameSession.ice" />
    <slice2cpp Include="MapEditorSession.ice" />
    <slice2cpp Include="VTankObjects.ice" />
  </ItemGroup>
  <ItemGroup>
    <None Include="ClassDiagram1.cd" />
  </ItemGroup>
</Project>