<?xml version="1.0" encoding="utf-8"?>
<Project ToolsVersion="4.0" xmlns="http://schemas.microsoft.com/developer/msbuild/2003">
  <ItemGroup>
    <Filter Include="Source Files">
      <UniqueIdentifier>{4FC737F1-C7A5-4376-A066-2A32D752A2FF}</UniqueIdentifier>
      <Extensions>cpp;c;cc;cxx;def;odl;idl;hpj;bat;asm;asmx</Extensions>
    </Filter>
    <Filter Include="Header Files">
      <UniqueIdentifier>{93995380-89BD-4b04-88EB-625FBE52EBFB}</UniqueIdentifier>
      <Extensions>h;hpp;hxx;hm;inl;inc;xsd</Extensions>
    </Filter>
  </ItemGroup>
  <ItemGroup>
    <ClCompile Include="AboutDialog.cpp">
      <Filter>Source Files</Filter>
    </ClCompile>
    <ClCompile Include="config.cpp">
      <Filter>Source Files</Filter>
    </ClCompile>
    <ClCompile Include="GameModeDialog.cpp">
      <Filter>Source Files</Filter>
    </ClCompile>
    <ClCompile Include="Library.cpp">
      <Filter>Source Files</Filter>
    </ClCompile>
    <ClCompile Include="..\Common\Cpp\Map.cpp">
      <Filter>Source Files</Filter>
    </ClCompile>
    <ClCompile Include="MapEditorApp.cpp">
      <Filter>Source Files</Filter>
    </ClCompile>
    <ClCompile Include="MapEditorFrame.cpp">
      <Filter>Source Files</Filter>
    </ClCompile>
    <ClCompile Include="MapPropertiesDialog.cpp">
      <Filter>Source Files</Filter>
    </ClCompile>
    <ClCompile Include="NewMapDialog.cpp">
      <Filter>Source Files</Filter>
    </ClCompile>
    <ClCompile Include="ScrolledWindow.cpp">
      <Filter>Source Files</Filter>
    </ClCompile>
    <ClCompile Include="ServerCommunication.cpp">
      <Filter>Source Files</Filter>
    </ClCompile>
    <ClCompile Include="ServerDialog.cpp">
      <Filter>Source Files</Filter>
    </ClCompile>
    <ClCompile Include="Support.cpp">
      <Filter>Source Files</Filter>
    </ClCompile>
    <ClCompile Include="ToolboxWindow.cpp">
      <Filter>Source Files</Filter>
    </ClCompile>
    <ClCompile Include="..\Common\Cpp\vtassert.cpp">
      <Filter>Source Files</Filter>
    </ClCompile>
  </ItemGroup>
  <ItemGroup>
    <ClInclude Include="AboutDialog.hpp">
      <Filter>Header Files</Filter>
    </ClInclude>
    <ClInclude Include="config.hpp">
      <Filter>Header Files</Filter>
    </ClInclude>
    <ClInclude Include="GameModeDialog.hpp">
      <Filter>Header Files</Filter>
    </ClInclude>
    <ClInclude Include="Library.hpp">
      <Filter>Header Files</Filter>
    </ClInclude>
    <ClInclude Include="..\Common\Cpp\Map.hpp">
      <Filter>Header Files</Filter>
    </ClInclude>
    <ClInclude Include="MapEditorApp.hpp">
      <Filter>Header Files</Filter>
    </ClInclude>
    <ClInclude Include="MapEditorFrame.hpp">
      <Filter>Header Files</Filter>
    </ClInclude>
    <ClInclude Include="MapPropertiesDialog.hpp">
      <Filter>Header Files</Filter>
    </ClInclude>
    <ClInclude Include="NewMapDialog.hpp">
      <Filter>Header Files</Filter>
    </ClInclude>
    <ClInclude Include="OpenMap.hpp">
      <Filter>Header Files</Filter>
    </ClInclude>
    <ClInclude Include="ScrolledWindow.hpp">
      <Filter>Header Files</Filter>
    </ClInclude>
    <ClInclude Include="ServerCommunication.hpp">
      <Filter>Header Files</Filter>
    </ClInclude>
    <ClInclude Include="ServerDialog.hpp">
      <Filter>Header Files</Filter>
    </ClInclude>
    <ClInclude Include="Support.hpp">
      <Filter>Header Files</Filter>
    </ClInclude>
    <ClInclude Include="ToolboxWindow.hpp">
      <Filter>Header Files</Filter>
    </ClInclude>
    <ClInclude Include="..\Common\Cpp\vtassert.hpp">
      <Filter>Header Files</Filter>
    </ClInclude>
    <ClInclude Include="resource.h">
      <Filter>Header Files</Filter>
    </ClInclude>
  </ItemGroup>
  <ItemGroup>
    <ResourceCompile Include="resource.rc" />
  </ItemGroup>
</Project>